
Microsoft Visual Studio Solution File, Format Version 12.00
# Visual Studio Version 17
VisualStudioVersion = 17.12.35728.132
MinimumVisualStudioVersion = 10.0.40219.1
Project("{FAE04EC0-301F-11D3-BF4B-00C04F79EFBC}") = "CPRG211__Group1_Assignment3", "CPRG211__Group1_Assignment3\CPRG211__Group1_Assignment3.csproj", "{2075E75F-7AFE-48CE-829B-3642E54A7B30}"
EndProject
Project("{FAE04EC0-301F-11D3-BF4B-00C04F79EFBC}") = "Assignment3Tests", "Assignment3Tests\Assignment3Tests.csproj", "{A316F98A-2DE1-4044-9862-9B9A6BC2C072}"
EndProject
Global
	GlobalSection(SolutionConfigurationPlatforms) = preSolution
		Debug|Any CPU = Debug|Any CPU
		Release|Any CPU = Release|Any CPU
	EndGlobalSection
	GlobalSection(ProjectConfigurationPlatforms) = postSolution
		{2075E75F-7AFE-48CE-829B-3642E54A7B30}.Debug|Any CPU.ActiveCfg = Debug|Any CPU
		{2075E75F-7AFE-48CE-829B-3642E54A7B30}.Debug|Any CPU.Build.0 = Debug|Any CPU
		{2075E75F-7AFE-48CE-829B-3642E54A7B30}.Release|Any CPU.ActiveCfg = Release|Any CPU
		{2075E75F-7AFE-48CE-829B-3642E54A7B30}.Release|Any CPU.Build.0 = Release|Any CPU
		{A316F98A-2DE1-4044-9862-9B9A6BC2C072}.Debug|Any CPU.ActiveCfg = Debug|Any CPU
		{A316F98A-2DE1-4044-9862-9B9A6BC2C072}.Debug|Any CPU.Build.0 = Debug|Any CPU
		{A316F98A-2DE1-4044-9862-9B9A6BC2C072}.Release|Any CPU.ActiveCfg = Release|Any CPU
		{A316F98A-2DE1-4044-9862-9B9A6BC2C072}.Release|Any CPU.Build.0 = Release|Any CPU
	EndGlobalSection
	GlobalSection(SolutionProperties) = preSolution
		HideSolutionNode = FALSE
	EndGlobalSection
	GlobalSection(ExtensibilityGlobals) = postSolution
		SolutionGuid = {CB87ACDF-1D3A-45E4-8AC2-117290A347E0}
	EndGlobalSection
EndGlobal
